
Microsoft Visual Studio Solution File, Format Version 12.00
# Visual Studio 14
VisualStudioVersion = 14.0.25420.1
MinimumVisualStudioVersion = 10.0.40219.1
Project("{FAE04EC0-301F-11D3-BF4B-00C04F79EFBC}") = "CrazyDragonClient", "CrazyDragonClient\CrazyDragonClient.csproj", "{BCE76A5C-443A-4AAE-AB8A-6C6613E2B2D3}"
EndProject
Global
	GlobalSection(SolutionConfigurationPlatforms) = preSolution
		Debug|Any CPU = Debug|Any CPU
		Release|Any CPU = Release|Any CPU
	EndGlobalSection
	GlobalSection(ProjectConfigurationPlatforms) = postSolution
		{BCE76A5C-443A-4AAE-AB8A-6C6613E2B2D3}.Debug|Any CPU.ActiveCfg = Debug|Any CPU
		{BCE76A5C-443A-4AAE-AB8A-6C6613E2B2D3}.Debug|Any CPU.Build.0 = Debug|Any CPU
		{BCE76A5C-443A-4AAE-AB8A-6C6613E2B2D3}.Release|Any CPU.ActiveCfg = Release|Any CPU
		{BCE76A5C-443A-4AAE-AB8A-6C6613E2B2D3}.Release|Any CPU.Build.0 = Release|Any CPU
	EndGlobalSection
	GlobalSection(SolutionProperties) = preSolution
		HideSolutionNode = FALSE
	EndGlobalSection
EndGlobal
